{
  "name": "uni",
  "version": "1.0.0",
  "lockfileVersion": 1,
  "requires": true,
  "dependencies": {
    "copy-text-to-clipboard": {
      "version": "3.0.1",
      "resolved": "https://registry.npmjs.org/copy-text-to-clipboard/-/copy-text-to-clipboard-3.0.1.tgz",
      "integrity": "sha512-rvVsHrpFcL4F2P8ihsoLdFHmd404+CMg71S756oRSeQgqk51U3kicGdnvfkrxva0xXH92SjGS62B0XIJsbh+9Q=="
    },
    "core-js": {
      "version": "3.21.1",
      "resolved": "https://registry.npmjs.org/core-js/-/core-js-3.21.1.tgz",
      "integrity": "sha512-FRq5b/VMrWlrmCzwRrpDYNxyHP9BcAZC+xHJaqTgIE5091ZV1NTmyh0sGOg5XqpnHvR0svdy0sv1gWA1zmhxig=="
    },
    "mutation-observer": {
      "version": "1.0.3",
      "resolved": "https://registry.npmjs.org/mutation-observer/-/mutation-observer-1.0.3.tgz",
      "integrity": "sha512-M/O/4rF2h776hV7qGMZUH3utZLO/jK7p8rnNgGkjKUw8zCGjRQPxB8z6+5l8+VjRUQ3dNYu4vjqXYLr+U8ZVNA=="
    },
    "vconsole": {
      "version": "3.12.1",
      "resolved": "https://registry.npmjs.org/vconsole/-/vconsole-3.12.1.tgz",
      "integrity": "sha512-L4lN8rRBz8+O56k6FNE0qQ89fE3T3VwoehpcwpbQcmOKTqREJi+d8V6gfyes4TZS0K2dbCZsModcssriaL0ALQ==",
      "requires": {
        "copy-text-to-clipboard": "^3.0.1",
        "core-js": "^3.11.0",
        "mutation-observer": "^1.0.3"
      }
    }
  }
}
